// !$*UTF8*$!
{
	archiveVersion = 1;
	classes = {
	};
	objectVersion = 46;
	objects = {

/* Begin PBXBuildFile section */
		7116F77619421700006C8F06 /* Foundation.framework in Frameworks */ = {isa = PBXBuildFile; fileRef = 7116F77519421700006C8F06 /* Foundation.framework */; };
		7116F77819421700006C8F06 /* CoreGraphics.framework in Frameworks */ = {isa = PBXBuildFile; fileRef = 7116F77719421700006C8F06 /* CoreGraphics.framework */; };
		7116F77A19421700006C8F06 /* UIKit.framework in Frameworks */ = {isa = PBXBuildFile; fileRef = 7116F77919421700006C8F06 /* UIKit.framework */; };
		7116F78019421700006C8F06 /* InfoPlist.strings in Resources */ = {isa = PBXBuildFile; fileRef = 7116F77E19421700006C8F06 /* InfoPlist.strings */; };
		7116F78219421700006C8F06 /* main.m in Sources */ = {isa = PBXBuildFile; fileRef = 7116F78119421700006C8F06 /* main.m */; };
		7116F78619421700006C8F06 /* TTAppDelegate.m in Sources */ = {isa = PBXBuildFile; fileRef = 7116F78519421700006C8F06 /* TTAppDelegate.m */; };
		7116F78819421700006C8F06 /* Images.xcassets in Resources */ = {isa = PBXBuildFile; fileRef = 7116F78719421700006C8F06 /* Images.xcassets */; };
		7116F78F19421700006C8F06 /* XCTest.framework in Frameworks */ = {isa = PBXBuildFile; fileRef = 7116F78E19421700006C8F06 /* XCTest.framework */; };
		7116F79019421700006C8F06 /* Foundation.framework in Frameworks */ = {isa = PBXBuildFile; fileRef = 7116F77519421700006C8F06 /* Foundation.framework */; };
		7116F79119421700006C8F06 /* UIKit.framework in Frameworks */ = {isa = PBXBuildFile; fileRef = 7116F77919421700006C8F06 /* UIKit.framework */; };
		7116F79919421700006C8F06 /* InfoPlist.strings in Resources */ = {isa = PBXBuildFile; fileRef = 7116F79719421700006C8F06 /* InfoPlist.strings */; };
		7116F79B19421700006C8F06 /* Time_TrackerTests.m in Sources */ = {isa = PBXBuildFile; fileRef = 7116F79A19421700006C8F06 /* Time_TrackerTests.m */; };
/* End PBXBuildFile section */

/* Begin PBXContainerItemProxy section */
		7116F79219421700006C8F06 /* PBXContainerItemProxy */ = {
			isa = PBXContainerItemProxy;
			containerPortal = 7116F76A19421700006C8F06 /* Project object */;
			proxyType = 1;
			remoteGlobalIDString = 7116F77119421700006C8F06;
			remoteInfo = "Time-Tracker";
		};
/* End PBXContainerItemProxy section */

/* Begin PBXFileReference section */
		7116F77219421700006C8F06 /* Time-Tracker.app */ = {isa = PBXFileReference; explicitFileType = wrapper.application; includeInIndex = 0; path = "Time-Tracker.app"; sourceTree = BUILT_PRODUCTS_DIR; };
		7116F77519421700006C8F06 /* Foundation.framework */ = {isa = PBXFileReference; lastKnownFileType = wrapper.framework; name = Foundation.framework; path = System/Library/Frameworks/Foundation.framework; sourceTree = SDKROOT; };
		7116F77719421700006C8F06 /* CoreGraphics.framework */ = {isa = PBXFileReference; lastKnownFileType = wrapper.framework; name = CoreGraphics.framework; path = System/Library/Frameworks/CoreGraphics.framework; sourceTree = SDKROOT; };
		7116F77919421700006C8F06 /* UIKit.framework */ = {isa = PBXFileReference; lastKnownFileType = wrapper.framework; name = UIKit.framework; path = System/Library/Frameworks/UIKit.framework; sourceTree = SDKROOT; };
		7116F77D19421700006C8F06 /* Time-Tracker-Info.plist */ = {isa = PBXFileReference; lastKnownFileType = text.plist.xml; path = "Time-Tracker-Info.plist"; sourceTree = "<group>"; };
		7116F77F19421700006C8F06 /* en */ = {isa = PBXFileReference; lastKnownFileType = text.plist.strings; name = en; path = en.lproj/InfoPlist.strings; sourceTree = "<group>"; };
		7116F78119421700006C8F06 /* main.m */ = {isa = PBXFileReference; lastKnownFileType = sourcecode.c.objc; path = main.m; sourceTree = "<group>"; };
		7116F78319421700006C8F06 /* Time-Tracker-Prefix.pch */ = {isa = PBXFileReference; lastKnownFileType = sourcecode.c.h; path = "Time-Tracker-Prefix.pch"; sourceTree = "<group>"; };
		7116F78419421700006C8F06 /* TTAppDelegate.h */ = {isa = PBXFileReference; lastKnownFileType = sourcecode.c.h; path = TTAppDelegate.h; sourceTree = "<group>"; };
		7116F78519421700006C8F06 /* TTAppDelegate.m */ = {isa = PBXFileReference; lastKnownFileType = sourcecode.c.objc; path = TTAppDelegate.m; sourceTree = "<group>"; };
		7116F78719421700006C8F06 /* Images.xcassets */ = {isa = PBXFileReference; lastKnownFileType = folder.assetcatalog; path = Images.xcassets; sourceTree = "<group>"; };
		7116F78D19421700006C8F06 /* Time-TrackerTests.xctest */ = {isa = PBXFileReference; explicitFileType = wrapper.cfbundle; includeInIndex = 0; path = "Time-TrackerTests.xctest"; sourceTree = BUILT_PRODUCTS_DIR; };
		7116F78E19421700006C8F06 /* XCTest.framework */ = {isa = PBXFileReference; lastKnownFileType = wrapper.framework; name = XCTest.framework; path = Library/Frameworks/XCTest.framework; sourceTree = DEVELOPER_DIR; };
		7116F79619421700006C8F06 /* Time-TrackerTests-Info.plist */ = {isa = PBXFileReference; lastKnownFileType = text.plist.xml; path = "Time-TrackerTests-Info.plist"; sourceTree = "<group>"; };
		7116F79819421700006C8F06 /* en */ = {isa = PBXFileReference; lastKnownFileType = text.plist.strings; name = en; path = en.lproj/InfoPlist.strings; sourceTree = "<group>"; };
		7116F79A19421700006C8F06 /* Time_TrackerTests.m */ = {isa = PBXFileReference; lastKnownFileType = sourcecode.c.objc; path = Time_TrackerTests.m; sourceTree = "<group>"; };
/* End PBXFileReference section */

/* Begin PBXFrameworksBuildPhase section */
		7116F76F19421700006C8F06 /* Frameworks */ = {
			isa = PBXFrameworksBuildPhase;
			buildActionMask = 2147483647;
			files = (
				7116F77819421700006C8F06 /* CoreGraphics.framework in Frameworks */,
				7116F77A19421700006C8F06 /* UIKit.framework in Frameworks */,
				7116F77619421700006C8F06 /* Foundation.framework in Frameworks */,
			);
			runOnlyForDeploymentPostprocessing = 0;
		};
		7116F78A19421700006C8F06 /* Frameworks */ = {
			isa = PBXFrameworksBuildPhase;
			buildActionMask = 2147483647;
			files = (
				7116F78F19421700006C8F06 /* XCTest.framework in Frameworks */,
				7116F79119421700006C8F06 /* UIKit.framework in Frameworks */,
				7116F79019421700006C8F06 /* Foundation.framework in Frameworks */,
			);
			runOnlyForDeploymentPostprocessing = 0;
		};
/* End PBXFrameworksBuildPhase section */

/* Begin PBXGroup section */
		7116F76919421700006C8F06 = {
			isa = PBXGroup;
			children = (
				7116F77B19421700006C8F06 /* Time-Tracker */,
				7116F79419421700006C8F06 /* Time-TrackerTests */,
				7116F77419421700006C8F06 /* Frameworks */,
				7116F77319421700006C8F06 /* Products */,
			);
			sourceTree = "<group>";
		};
		7116F77319421700006C8F06 /* Products */ = {
			isa = PBXGroup;
			children = (
				7116F77219421700006C8F06 /* Time-Tracker.app */,
				7116F78D19421700006C8F06 /* Time-TrackerTests.xctest */,
			);
			name = Products;
			sourceTree = "<group>";
		};
		7116F77419421700006C8F06 /* Frameworks */ = {
			isa = PBXGroup;
			children = (
				7116F77519421700006C8F06 /* Foundation.framework */,
				7116F77719421700006C8F06 /* CoreGraphics.framework */,
				7116F77919421700006C8F06 /* UIKit.framework */,
				7116F78E19421700006C8F06 /* XCTest.framework */,
			);
			name = Frameworks;
			sourceTree = "<group>";
		};
		7116F77B19421700006C8F06 /* Time-Tracker */ = {
			isa = PBXGroup;
			children = (
				7116F78419421700006C8F06 /* TTAppDelegate.h */,
				7116F78519421700006C8F06 /* TTAppDelegate.m */,
				7116F78719421700006C8F06 /* Images.xcassets */,
				7116F77C19421700006C8F06 /* Supporting Files */,
			);
			path = "Time-Tracker";
			sourceTree = "<group>";
		};
		7116F77C19421700006C8F06 /* Supporting Files */ = {
			isa = PBXGroup;
			children = (
				7116F77D19421700006C8F06 /* Time-Tracker-Info.plist */,
				7116F77E19421700006C8F06 /* InfoPlist.strings */,
				7116F78119421700006C8F06 /* main.m */,
				7116F78319421700006C8F06 /* Time-Tracker-Prefix.pch */,
			);
			name = "Supporting Files";
			sourceTree = "<group>";
		};
		7116F79419421700006C8F06 /* Time-TrackerTests */ = {
			isa = PBXGroup;
			children = (
				7116F79A19421700006C8F06 /* Time_TrackerTests.m */,
				7116F79519421700006C8F06 /* Supporting Files */,
			);
			path = "Time-TrackerTests";
			sourceTree = "<group>";
		};
		7116F79519421700006C8F06 /* Supporting Files */ = {
			isa = PBXGroup;
			children = (
				7116F79619421700006C8F06 /* Time-TrackerTests-Info.plist */,
				7116F79719421700006C8F06 /* InfoPlist.strings */,
			);
			name = "Supporting Files";
			sourceTree = "<group>";
		};
/* End PBXGroup section */

/* Begin PBXNativeTarget section */
		7116F77119421700006C8F06 /* Time-Tracker */ = {
			isa = PBXNativeTarget;
			buildConfigurationList = 7116F79E19421700006C8F06 /* Build configuration list for PBXNativeTarget "Time-Tracker" */;
			buildPhases = (
				7116F76E19421700006C8F06 /* Sources */,
				7116F76F19421700006C8F06 /* Frameworks */,
				7116F77019421700006C8F06 /* Resources */,
			);
			buildRules = (
			);
			dependencies = (
			);
			name = "Time-Tracker";
			productName = "Time-Tracker";
			productReference = 7116F77219421700006C8F06 /* Time-Tracker.app */;
			productType = "com.apple.product-type.application";
		};
		7116F78C19421700006C8F06 /* Time-TrackerTests */ = {
			isa = PBXNativeTarget;
			buildConfigurationList = 7116F7A119421700006C8F06 /* Build configuration list for PBXNativeTarget "Time-TrackerTests" */;
			buildPhases = (
				7116F78919421700006C8F06 /* Sources */,
				7116F78A19421700006C8F06 /* Frameworks */,
				7116F78B19421700006C8F06 /* Resources */,
			);
			buildRules = (
			);
			dependencies = (
				7116F79319421700006C8F06 /* PBXTargetDependency */,
			);
			name = "Time-TrackerTests";
			productName = "Time-TrackerTests";
			productReference = 7116F78D19421700006C8F06 /* Time-TrackerTests.xctest */;
			productType = "com.apple.product-type.bundle.unit-test";
		};
/* End PBXNativeTarget section */

/* Begin PBXProject section */
		7116F76A19421700006C8F06 /* Project object */ = {
			isa = PBXProject;
			attributes = {
				CLASSPREFIX = TT;
				LastUpgradeCheck = 0510;
				ORGANIZATIONNAME = DevMountain;
				TargetAttributes = {
					7116F78C19421700006C8F06 = {
						TestTargetID = 7116F77119421700006C8F06;
					};
				};
			};
			buildConfigurationList = 7116F76D19421700006C8F06 /* Build configuration list for PBXProject "Time-Tracker" */;
			compatibilityVersion = "Xcode 3.2";
			developmentRegion = English;
			hasScannedForEncodings = 0;
			knownRegions = (
				en,
			);
			mainGroup = 7116F76919421700006C8F06;
			productRefGroup = 7116F77319421700006C8F06 /* Products */;
			projectDirPath = "";
			projectRoot = "";
			targets = (
				7116F77119421700006C8F06 /* Time-Tracker */,
				7116F78C19421700006C8F06 /* Time-TrackerTests */,
			);
		};
/* End PBXProject section */

/* Begin PBXResourcesBuildPhase section */
		7116F77019421700006C8F06 /* Resources */ = {
			isa = PBXResourcesBuildPhase;
			buildActionMask = 2147483647;
			files = (
				7116F78019421700006C8F06 /* InfoPlist.strings in Resources */,
				7116F78819421700006C8F06 /* Images.xcassets in Resources */,
			);
			runOnlyForDeploymentPostprocessing = 0;
		};
		7116F78B19421700006C8F06 /* Resources */ = {
			isa = PBXResourcesBuildPhase;
			buildActionMask = 2147483647;
			files = (
				7116F79919421700006C8F06 /* InfoPlist.strings in Resources */,
			);
			runOnlyForDeploymentPostprocessing = 0;
		};
/* End PBXResourcesBuildPhase section */

/* Begin PBXSourcesBuildPhase section */
		7116F76E19421700006C8F06 /* Sources */ = {
			isa = PBXSourcesBuildPhase;
			buildActionMask = 2147483647;
			files = (
				7116F78619421700006C8F06 /* TTAppDelegate.m in Sources */,
				7116F78219421700006C8F06 /* main.m in Sources */,
			);
			runOnlyForDeploymentPostprocessing = 0;
		};
		7116F78919421700006C8F06 /* Sources */ = {
			isa = PBXSourcesBuildPhase;
			buildActionMask = 2147483647;
			files = (
				7116F79B19421700006C8F06 /* Time_TrackerTests.m in Sources */,
			);
			runOnlyForDeploymentPostprocessing = 0;
		};
/* End PBXSourcesBuildPhase section */

/* Begin PBXTargetDependency section */
		7116F79319421700006C8F06 /* PBXTargetDependency */ = {
			isa = PBXTargetDependency;
			target = 7116F77119421700006C8F06 /* Time-Tracker */;
			targetProxy = 7116F79219421700006C8F06 /* PBXContainerItemProxy */;
		};
/* End PBXTargetDependency section */

/* Begin PBXVariantGroup section */
		7116F77E19421700006C8F06 /* InfoPlist.strings */ = {
			isa = PBXVariantGroup;
			children = (
				7116F77F19421700006C8F06 /* en */,
			);
			name = InfoPlist.strings;
			sourceTree = "<group>";
		};
		7116F79719421700006C8F06 /* InfoPlist.strings */ = {
			isa = PBXVariantGroup;
			children = (
				7116F79819421700006C8F06 /* en */,
			);
			name = InfoPlist.strings;
			sourceTree = "<group>";
		};
/* End PBXVariantGroup section */

/* Begin XCBuildConfiguration section */
		7116F79C19421700006C8F06 /* Debug */ = {
			isa = XCBuildConfiguration;
			buildSettings = {
				ALWAYS_SEARCH_USER_PATHS = NO;
				CLANG_CXX_LANGUAGE_STANDARD = "gnu++0x";
				CLANG_CXX_LIBRARY = "libc++";
				CLANG_ENABLE_MODULES = YES;
				CLANG_ENABLE_OBJC_ARC = YES;
				CLANG_WARN_BOOL_CONVERSION = YES;
				CLANG_WARN_CONSTANT_CONVERSION = YES;
				CLANG_WARN_DIRECT_OBJC_ISA_USAGE = YES_ERROR;
				CLANG_WARN_EMPTY_BODY = YES;
				CLANG_WARN_ENUM_CONVERSION = YES;
				CLANG_WARN_INT_CONVERSION = YES;
				CLANG_WARN_OBJC_ROOT_CLASS = YES_ERROR;
				CLANG_WARN__DUPLICATE_METHOD_MATCH = YES;
				"CODE_SIGN_IDENTITY[sdk=iphoneos*]" = "iPhone Developer";
				COPY_PHASE_STRIP = NO;
				GCC_C_LANGUAGE_STANDARD = gnu99;
				GCC_DYNAMIC_NO_PIC = NO;
				GCC_OPTIMIZATION_LEVEL = 0;
				GCC_PREPROCESSOR_DEFINITIONS = (
					"DEBUG=1",
					"$(inherited)",
				);
				GCC_SYMBOLS_PRIVATE_EXTERN = NO;
				GCC_WARN_64_TO_32_BIT_CONVERSION = YES;
				GCC_WARN_ABOUT_RETURN_TYPE = YES_ERROR;
				GCC_WARN_UNDECLARED_SELECTOR = YES;
				GCC_WARN_UNINITIALIZED_AUTOS = YES_AGGRESSIVE;
				GCC_WARN_UNUSED_FUNCTION = YES;
				GCC_WARN_UNUSED_VARIABLE = YES;
				IPHONEOS_DEPLOYMENT_TARGET = 7.1;
				ONLY_ACTIVE_ARCH = YES;
				SDKROOT = iphoneos;
			};
			name = Debug;
		};
		7116F79D19421700006C8F06 /* Release */ = {
			isa = XCBuildConfiguration;
			buildSettings = {
				ALWAYS_SEARCH_USER_PATHS = NO;
				CLANG_CXX_LANGUAGE_STANDARD = "gnu++0x";
				CLANG_CXX_LIBRARY = "libc++";
				CLANG_ENABLE_MODULES = YES;
				CLANG_ENABLE_OBJC_ARC = YES;
				CLANG_WARN_BOOL_CONVERSION = YES;
				CLANG_WARN_CONSTANT_CONVERSION = YES;
				CLANG_WARN_DIRECT_OBJC_ISA_USAGE = YES_ERROR;
				CLANG_WARN_EMPTY_BODY = YES;
				CLANG_WARN_ENUM_CONVERSION = YES;
				CLANG_WARN_INT_CONVERSION = YES;
				CLANG_WARN_OBJC_ROOT_CLASS = YES_ERROR;
				CLANG_WARN__DUPLICATE_METHOD_MATCH = YES;
				"CODE_SIGN_IDENTITY[sdk=iphoneos*]" = "iPhone Developer";
				COPY_PHASE_STRIP = YES;
				ENABLE_NS_ASSERTIONS = NO;
				GCC_C_LANGUAGE_STANDARD = gnu99;
				GCC_WARN_64_TO_32_BIT_CONVERSION = YES;
				GCC_WARN_ABOUT_RETURN_TYPE = YES_ERROR;
				GCC_WARN_UNDECLARED_SELECTOR = YES;
				GCC_WARN_UNINITIALIZED_AUTOS = YES_AGGRESSIVE;
				GCC_WARN_UNUSED_FUNCTION = YES;
				GCC_WARN_UNUSED_VARIABLE = YES;
				IPHONEOS_DEPLOYMENT_TARGET = 7.1;
				SDKROOT = iphoneos;
				VALIDATE_PRODUCT = YES;
			};
			name = Release;
		};
		7116F79F19421700006C8F06 /* Debug */ = {
			isa = XCBuildConfiguration;
			buildSettings = {
				ASSETCATALOG_COMPILER_APPICON_NAME = AppIcon;
				ASSETCATALOG_COMPILER_LAUNCHIMAGE_NAME = LaunchImage;
				GCC_PRECOMPILE_PREFIX_HEADER = YES;
				GCC_PREFIX_HEADER = "Time-Tracker/Time-Tracker-Prefix.pch";
				INFOPLIST_FILE = "Time-Tracker/Time-Tracker-Info.plist";
				PRODUCT_NAME = "$(TARGET_NAME)";
				WRAPPER_EXTENSION = app;
			};
			name = Debug;
		};
		7116F7A019421700006C8F06 /* Release */ = {
			isa = XCBuildConfiguration;
			buildSettings = {
				ASSETCATALOG_COMPILER_APPICON_NAME = AppIcon;
				ASSETCATALOG_COMPILER_LAUNCHIMAGE_NAME = LaunchImage;
				GCC_PRECOMPILE_PREFIX_HEADER = YES;
				GCC_PREFIX_HEADER = "Time-Tracker/Time-Tracker-Prefix.pch";
				INFOPLIST_FILE = "Time-Tracker/Time-Tracker-Info.plist";
				PRODUCT_NAME = "$(TARGET_NAME)";
				WRAPPER_EXTENSION = app;
			};
			name = Release;
		};
		7116F7A219421700006C8F06 /* Debug */ = {
			isa = XCBuildConfiguration;
			buildSettings = {
				BUNDLE_LOADER = "$(BUILT_PRODUCTS_DIR)/Time-Tracker.app/Time-Tracker";
				FRAMEWORK_SEARCH_PATHS = (
					"$(SDKROOT)/Developer/Library/Frameworks",
					"$(inherited)",
					"$(DEVELOPER_FRAMEWORKS_DIR)",
				);
				GCC_PRECOMPILE_PREFIX_HEADER = YES;
				GCC_PREFIX_HEADER = "Time-Tracker/Time-Tracker-Prefix.pch";
				GCC_PREPROCESSOR_DEFINITIONS = (
					"DEBUG=1",
					"$(inherited)",
				);
				INFOPLIST_FILE = "Time-TrackerTests/Time-TrackerTests-Info.plist";
				PRODUCT_NAME = "$(TARGET_NAME)";
				TEST_HOST = "$(BUNDLE_LOADER)";
				WRAPPER_EXTENSION = xctest;
			};
			name = Debug;
		};
		7116F7A319421700006C8F06 /* Release */ = {
			isa = XCBuildConfiguration;
			buildSettings = {
				BUNDLE_LOADER = "$(BUILT_PRODUCTS_DIR)/Time-Tracker.app/Time-Tracker";
				FRAMEWORK_SEARCH_PATHS = (
					"$(SDKROOT)/Developer/Library/Frameworks",
					"$(inherited)",
					"$(DEVELOPER_FRAMEWORKS_DIR)",
				);
				GCC_PRECOMPILE_PREFIX_HEADER = YES;
				GCC_PREFIX_HEADER = "Time-Tracker/Time-Tracker-Prefix.pch";
				INFOPLIST_FILE = "Time-TrackerTests/Time-TrackerTests-Info.plist";
				PRODUCT_NAME = "$(TARGET_NAME)";
				TEST_HOST = "$(BUNDLE_LOADER)";
				WRAPPER_EXTENSION = xctest;
			};
			name = Release;
		};
/* End XCBuildConfiguration section */

/* Begin XCConfigurationList section */
		7116F76D19421700006C8F06 /* Build configuration list for PBXProject "Time-Tracker" */ = {
			isa = XCConfigurationList;
			buildConfigurations = (
				7116F79C19421700006C8F06 /* Debug */,
				7116F79D19421700006C8F06 /* Release */,
			);
			defaultConfigurationIsVisible = 0;
			defaultConfigurationName = Release;
		};
		7116F79E19421700006C8F06 /* Build configuration list for PBXNativeTarget "Time-Tracker" */ = {
			isa = XCConfigurationList;
			buildConfigurations = (
				7116F79F19421700006C8F06 /* Debug */,
				7116F7A019421700006C8F06 /* Release */,
			);
			defaultConfigurationIsVisible = 0;
		};
		7116F7A119421700006C8F06 /* Build configuration list for PBXNativeTarget "Time-TrackerTests" */ = {
			isa = XCConfigurationList;
			buildConfigurations = (
				7116F7A219421700006C8F06 /* Debug */,
				7116F7A319421700006C8F06 /* Release */,
			);
			defaultConfigurationIsVisible = 0;
		};
/* End XCConfigurationList section */
	};
	rootObject = 7116F76A19421700006C8F06 /* Project object */;
}
